
Microsoft Visual Studio Solution File, Format Version 12.00
# Visual Studio Version 17
VisualStudioVersion = 17.13.35825.156
MinimumVisualStudioVersion = 10.0.40219.1
Project("{FAE04EC0-301F-11D3-BF4B-00C04F79EFBC}") = "PracticeTest", "PracticeTest\PracticeTest.csproj", "{6A963C19-83B1-403B-B125-5948EA5FC71B}"
EndProject
Global
	GlobalSection(SolutionConfigurationPlatforms) = preSolution
		Debug|Any CPU = Debug|Any CPU
		Release|Any CPU = Release|Any CPU
	EndGlobalSection
	GlobalSection(ProjectConfigurationPlatforms) = postSolution
		{6A963C19-83B1-403B-B125-5948EA5FC71B}.Debug|Any CPU.ActiveCfg = Debug|Any CPU
		{6A963C19-83B1-403B-B125-5948EA5FC71B}.Debug|Any CPU.Build.0 = Debug|Any CPU
		{6A963C19-83B1-403B-B125-5948EA5FC71B}.Release|Any CPU.ActiveCfg = Release|Any CPU
		{6A963C19-83B1-403B-B125-5948EA5FC71B}.Release|Any CPU.Build.0 = Release|Any CPU
	EndGlobalSection
	GlobalSection(SolutionProperties) = preSolution
		HideSolutionNode = FALSE
	EndGlobalSection
	GlobalSection(ExtensibilityGlobals) = postSolution
		SolutionGuid = {7C480D27-A047-4B3E-A144-178D200828D0}
	EndGlobalSection
EndGlobal
