
Microsoft Visual Studio Solution File, Format Version 12.00
# Visual Studio Version 17
VisualStudioVersion = 17.13.35825.156 d17.13
MinimumVisualStudioVersion = 10.0.40219.1
Project("{FAE04EC0-301F-11D3-BF4B-00C04F79EFBC}") = "AlgoTradeTry", "AlgoTradeTry\AlgoTradeTry.csproj", "{81A10015-5229-4441-B304-4F4C69340529}"
EndProject
Global
	GlobalSection(SolutionConfigurationPlatforms) = preSolution
		Debug|Any CPU = Debug|Any CPU
		Release|Any CPU = Release|Any CPU
	EndGlobalSection
	GlobalSection(ProjectConfigurationPlatforms) = postSolution
		{81A10015-5229-4441-B304-4F4C69340529}.Debug|Any CPU.ActiveCfg = Debug|Any CPU
		{81A10015-5229-4441-B304-4F4C69340529}.Debug|Any CPU.Build.0 = Debug|Any CPU
		{81A10015-5229-4441-B304-4F4C69340529}.Release|Any CPU.ActiveCfg = Release|Any CPU
		{81A10015-5229-4441-B304-4F4C69340529}.Release|Any CPU.Build.0 = Release|Any CPU
	EndGlobalSection
	GlobalSection(SolutionProperties) = preSolution
		HideSolutionNode = FALSE
	EndGlobalSection
	GlobalSection(ExtensibilityGlobals) = postSolution
		SolutionGuid = {258B43B3-D387-4DA7-A496-646C7843596B}
	EndGlobalSection
EndGlobal
