
Microsoft Visual Studio Solution File, Format Version 12.00
# Visual Studio Version 17
VisualStudioVersion = 17.14.36915.13 d17.14
MinimumVisualStudioVersion = 10.0.40219.1
Project("{FAE04EC0-301F-11D3-BF4B-00C04F79EFBC}") = "PranaWealthOS", "PranaWealthOS\PranaWealthOS.csproj", "{5D3A7406-4279-4BC8-8F17-897F4586047B}"
EndProject
Global
	GlobalSection(SolutionConfigurationPlatforms) = preSolution
		Debug|Any CPU = Debug|Any CPU
		Release|Any CPU = Release|Any CPU
	EndGlobalSection
	GlobalSection(ProjectConfigurationPlatforms) = postSolution
		{5D3A7406-4279-4BC8-8F17-897F4586047B}.Debug|Any CPU.ActiveCfg = Debug|Any CPU
		{5D3A7406-4279-4BC8-8F17-897F4586047B}.Debug|Any CPU.Build.0 = Debug|Any CPU
		{5D3A7406-4279-4BC8-8F17-897F4586047B}.Release|Any CPU.ActiveCfg = Release|Any CPU
		{5D3A7406-4279-4BC8-8F17-897F4586047B}.Release|Any CPU.Build.0 = Release|Any CPU
	EndGlobalSection
	GlobalSection(SolutionProperties) = preSolution
		HideSolutionNode = FALSE
	EndGlobalSection
	GlobalSection(ExtensibilityGlobals) = postSolution
		SolutionGuid = {22FBF2F9-7C4A-4916-A8B7-7862B0D90F27}
	EndGlobalSection
EndGlobal
