
Microsoft Visual Studio Solution File, Format Version 12.00
# Visual Studio Version 17
VisualStudioVersion = 17.13.35825.156 d17.13
MinimumVisualStudioVersion = 10.0.40219.1
Project("{FAE04EC0-301F-11D3-BF4B-00C04F79EFBC}") = "CheckingMauiApp", "CheckingMauiApp\CheckingMauiApp.csproj", "{B16532AC-2E72-40BD-B40B-B8BD92838258}"
EndProject
Global
	GlobalSection(SolutionConfigurationPlatforms) = preSolution
		Debug|Any CPU = Debug|Any CPU
		Release|Any CPU = Release|Any CPU
	EndGlobalSection
	GlobalSection(ProjectConfigurationPlatforms) = postSolution
		{B16532AC-2E72-40BD-B40B-B8BD92838258}.Debug|Any CPU.ActiveCfg = Debug|Any CPU
		{B16532AC-2E72-40BD-B40B-B8BD92838258}.Debug|Any CPU.Build.0 = Debug|Any CPU
		{B16532AC-2E72-40BD-B40B-B8BD92838258}.Release|Any CPU.ActiveCfg = Release|Any CPU
		{B16532AC-2E72-40BD-B40B-B8BD92838258}.Release|Any CPU.Build.0 = Release|Any CPU
	EndGlobalSection
	GlobalSection(SolutionProperties) = preSolution
		HideSolutionNode = FALSE
	EndGlobalSection
	GlobalSection(ExtensibilityGlobals) = postSolution
		SolutionGuid = {92894FCD-40E6-4104-A51E-AE56FD2207AE}
	EndGlobalSection
EndGlobal
